{
  "version": "4",
  "specifiers": {
    "npm:@deno/vite-plugin@^1.0.4": "1.0.4_vite@6.3.5__picomatch@4.0.2",
    "npm:lit@^3.2.1": "3.3.0",
    "npm:vite@*": "6.3.5_picomatch@4.0.2",
    "npm:vite@^6.1.1": "6.3.5_picomatch@4.0.2",
    "npm:webdav@^5.8.0": "5.8.0"
  },
  "npm": {
    "@buttercup/fetch@0.2.1": {
      "integrity": "sha512-sCgECOx8wiqY8NN1xN22BqqKzXYIG2AicNLlakOAI4f0WgyLVUbAigMf8CZhBtJxdudTcB1gD5lciqi44jwJvg==",
      "dependencies": [
        "node-fetch"
      ]
    },
    "@deno/vite-plugin@1.0.4_vite@6.3.5__picomatch@4.0.2": {
      "integrity": "sha512-xg8YT8Wn2sGXSnJgiGTpBGX1Dov0c6fd1rAp8VsfrCUtyBRRWzwVMAnd3fQ4yq8h7LSVvJUxEFN4U421k/DQLA==",
      "dependencies": [
        "vite"
      ]
    },
    "@esbuild/aix-ppc64@0.25.5": {
      "integrity": "sha512-9o3TMmpmftaCMepOdA5k/yDw8SfInyzWWTjYTFCX3kPSDJMROQTb8jg+h9Cnwnmm1vOzvxN7gIfB5V2ewpjtGA=="
    },
    "@esbuild/android-arm64@0.25.5": {
      "integrity": "sha512-VGzGhj4lJO+TVGV1v8ntCZWJktV7SGCs3Pn1GRWI1SBFtRALoomm8k5E9Pmwg3HOAal2VDc2F9+PM/rEY6oIDg=="
    },
    "@esbuild/android-arm@0.25.5": {
      "integrity": "sha512-AdJKSPeEHgi7/ZhuIPtcQKr5RQdo6OO2IL87JkianiMYMPbCtot9fxPbrMiBADOWWm3T2si9stAiVsGbTQFkbA=="
    },
    "@esbuild/android-x64@0.25.5": {
      "integrity": "sha512-D2GyJT1kjvO//drbRT3Hib9XPwQeWd9vZoBJn+bu/lVsOZ13cqNdDeqIF/xQ5/VmWvMduP6AmXvylO/PIc2isw=="
    },
    "@esbuild/darwin-arm64@0.25.5": {
      "integrity": "sha512-GtaBgammVvdF7aPIgH2jxMDdivezgFu6iKpmT+48+F8Hhg5J/sfnDieg0aeG/jfSvkYQU2/pceFPDKlqZzwnfQ=="
    },
    "@esbuild/darwin-x64@0.25.5": {
      "integrity": "sha512-1iT4FVL0dJ76/q1wd7XDsXrSW+oLoquptvh4CLR4kITDtqi2e/xwXwdCVH8hVHU43wgJdsq7Gxuzcs6Iq/7bxQ=="
    },
    "@esbuild/freebsd-arm64@0.25.5": {
      "integrity": "sha512-nk4tGP3JThz4La38Uy/gzyXtpkPW8zSAmoUhK9xKKXdBCzKODMc2adkB2+8om9BDYugz+uGV7sLmpTYzvmz6Sw=="
    },
    "@esbuild/freebsd-x64@0.25.5": {
      "integrity": "sha512-PrikaNjiXdR2laW6OIjlbeuCPrPaAl0IwPIaRv+SMV8CiM8i2LqVUHFC1+8eORgWyY7yhQY+2U2fA55mBzReaw=="
    },
    "@esbuild/linux-arm64@0.25.5": {
      "integrity": "sha512-Z9kfb1v6ZlGbWj8EJk9T6czVEjjq2ntSYLY2cw6pAZl4oKtfgQuS4HOq41M/BcoLPzrUbNd+R4BXFyH//nHxVg=="
    },
    "@esbuild/linux-arm@0.25.5": {
      "integrity": "sha512-cPzojwW2okgh7ZlRpcBEtsX7WBuqbLrNXqLU89GxWbNt6uIg78ET82qifUy3W6OVww6ZWobWub5oqZOVtwolfw=="
    },
    "@esbuild/linux-ia32@0.25.5": {
      "integrity": "sha512-sQ7l00M8bSv36GLV95BVAdhJ2QsIbCuCjh/uYrWiMQSUuV+LpXwIqhgJDcvMTj+VsQmqAHL2yYaasENvJ7CDKA=="
    },
    "@esbuild/linux-loong64@0.25.5": {
      "integrity": "sha512-0ur7ae16hDUC4OL5iEnDb0tZHDxYmuQyhKhsPBV8f99f6Z9KQM02g33f93rNH5A30agMS46u2HP6qTdEt6Q1kg=="
    },
    "@esbuild/linux-mips64el@0.25.5": {
      "integrity": "sha512-kB/66P1OsHO5zLz0i6X0RxlQ+3cu0mkxS3TKFvkb5lin6uwZ/ttOkP3Z8lfR9mJOBk14ZwZ9182SIIWFGNmqmg=="
    },
    "@esbuild/linux-ppc64@0.25.5": {
      "integrity": "sha512-UZCmJ7r9X2fe2D6jBmkLBMQetXPXIsZjQJCjgwpVDz+YMcS6oFR27alkgGv3Oqkv07bxdvw7fyB71/olceJhkQ=="
    },
    "@esbuild/linux-riscv64@0.25.5": {
      "integrity": "sha512-kTxwu4mLyeOlsVIFPfQo+fQJAV9mh24xL+y+Bm6ej067sYANjyEw1dNHmvoqxJUCMnkBdKpvOn0Ahql6+4VyeA=="
    },
    "@esbuild/linux-s390x@0.25.5": {
      "integrity": "sha512-K2dSKTKfmdh78uJ3NcWFiqyRrimfdinS5ErLSn3vluHNeHVnBAFWC8a4X5N+7FgVE1EjXS1QDZbpqZBjfrqMTQ=="
    },
    "@esbuild/linux-x64@0.25.5": {
      "integrity": "sha512-uhj8N2obKTE6pSZ+aMUbqq+1nXxNjZIIjCjGLfsWvVpy7gKCOL6rsY1MhRh9zLtUtAI7vpgLMK6DxjO8Qm9lJw=="
    },
    "@esbuild/netbsd-arm64@0.25.5": {
      "integrity": "sha512-pwHtMP9viAy1oHPvgxtOv+OkduK5ugofNTVDilIzBLpoWAM16r7b/mxBvfpuQDpRQFMfuVr5aLcn4yveGvBZvw=="
    },
    "@esbuild/netbsd-x64@0.25.5": {
      "integrity": "sha512-WOb5fKrvVTRMfWFNCroYWWklbnXH0Q5rZppjq0vQIdlsQKuw6mdSihwSo4RV/YdQ5UCKKvBy7/0ZZYLBZKIbwQ=="
    },
    "@esbuild/openbsd-arm64@0.25.5": {
      "integrity": "sha512-7A208+uQKgTxHd0G0uqZO8UjK2R0DDb4fDmERtARjSHWxqMTye4Erz4zZafx7Di9Cv+lNHYuncAkiGFySoD+Mw=="
    },
    "@esbuild/openbsd-x64@0.25.5": {
      "integrity": "sha512-G4hE405ErTWraiZ8UiSoesH8DaCsMm0Cay4fsFWOOUcz8b8rC6uCvnagr+gnioEjWn0wC+o1/TAHt+It+MpIMg=="
    },
    "@esbuild/sunos-x64@0.25.5": {
      "integrity": "sha512-l+azKShMy7FxzY0Rj4RCt5VD/q8mG/e+mDivgspo+yL8zW7qEwctQ6YqKX34DTEleFAvCIUviCFX1SDZRSyMQA=="
    },
    "@esbuild/win32-arm64@0.25.5": {
      "integrity": "sha512-O2S7SNZzdcFG7eFKgvwUEZ2VG9D/sn/eIiz8XRZ1Q/DO5a3s76Xv0mdBzVM5j5R639lXQmPmSo0iRpHqUUrsxw=="
    },
    "@esbuild/win32-ia32@0.25.5": {
      "integrity": "sha512-onOJ02pqs9h1iMJ1PQphR+VZv8qBMQ77Klcsqv9CNW2w6yLqoURLcgERAIurY6QE63bbLuqgP9ATqajFLK5AMQ=="
    },
    "@esbuild/win32-x64@0.25.5": {
      "integrity": "sha512-TXv6YnJ8ZMVdX+SXWVBo/0p8LTcrUYngpWjvm91TMjjBQii7Oz11Lw5lbDV5Y0TzuhSJHwiH4hEtC1I42mMS0g=="
    },
    "@lit-labs/ssr-dom-shim@1.3.0": {
      "integrity": "sha512-nQIWonJ6eFAvUUrSlwyHDm/aE8PBDu5kRpL0vHMg6K8fK3Diq1xdPjTnsJSwxABhaZ+5eBi1btQB5ShUTKo4nQ=="
    },
    "@lit/reactive-element@2.1.0": {
      "integrity": "sha512-L2qyoZSQClcBmq0qajBVbhYEcG6iK0XfLn66ifLe/RfC0/ihpc+pl0Wdn8bJ8o+hj38cG0fGXRgSS20MuXn7qA==",
      "dependencies": [
        "@lit-labs/ssr-dom-shim"
      ]
    },
    "@rollup/rollup-android-arm-eabi@4.43.0": {
      "integrity": "sha512-Krjy9awJl6rKbruhQDgivNbD1WuLb8xAclM4IR4cN5pHGAs2oIMMQJEiC3IC/9TZJ+QZkmZhlMO/6MBGxPidpw=="
    },
    "@rollup/rollup-android-arm64@4.43.0": {
      "integrity": "sha512-ss4YJwRt5I63454Rpj+mXCXicakdFmKnUNxr1dLK+5rv5FJgAxnN7s31a5VchRYxCFWdmnDWKd0wbAdTr0J5EA=="
    },
    "@rollup/rollup-darwin-arm64@4.43.0": {
      "integrity": "sha512-eKoL8ykZ7zz8MjgBenEF2OoTNFAPFz1/lyJ5UmmFSz5jW+7XbH1+MAgCVHy72aG59rbuQLcJeiMrP8qP5d/N0A=="
    },
    "@rollup/rollup-darwin-x64@4.43.0": {
      "integrity": "sha512-SYwXJgaBYW33Wi/q4ubN+ldWC4DzQY62S4Ll2dgfr/dbPoF50dlQwEaEHSKrQdSjC6oIe1WgzosoaNoHCdNuMg=="
    },
    "@rollup/rollup-freebsd-arm64@4.43.0": {
      "integrity": "sha512-SV+U5sSo0yujrjzBF7/YidieK2iF6E7MdF6EbYxNz94lA+R0wKl3SiixGyG/9Klab6uNBIqsN7j4Y/Fya7wAjQ=="
    },
    "@rollup/rollup-freebsd-x64@4.43.0": {
      "integrity": "sha512-J7uCsiV13L/VOeHJBo5SjasKiGxJ0g+nQTrBkAsmQBIdil3KhPnSE9GnRon4ejX1XDdsmK/l30IYLiAaQEO0Cg=="
    },
    "@rollup/rollup-linux-arm-gnueabihf@4.43.0": {
      "integrity": "sha512-gTJ/JnnjCMc15uwB10TTATBEhK9meBIY+gXP4s0sHD1zHOaIh4Dmy1X9wup18IiY9tTNk5gJc4yx9ctj/fjrIw=="
    },
    "@rollup/rollup-linux-arm-musleabihf@4.43.0": {
      "integrity": "sha512-ZJ3gZynL1LDSIvRfz0qXtTNs56n5DI2Mq+WACWZ7yGHFUEirHBRt7fyIk0NsCKhmRhn7WAcjgSkSVVxKlPNFFw=="
    },
    "@rollup/rollup-linux-arm64-gnu@4.43.0": {
      "integrity": "sha512-8FnkipasmOOSSlfucGYEu58U8cxEdhziKjPD2FIa0ONVMxvl/hmONtX/7y4vGjdUhjcTHlKlDhw3H9t98fPvyA=="
    },
    "@rollup/rollup-linux-arm64-musl@4.43.0": {
      "integrity": "sha512-KPPyAdlcIZ6S9C3S2cndXDkV0Bb1OSMsX0Eelr2Bay4EsF9yi9u9uzc9RniK3mcUGCLhWY9oLr6er80P5DE6XA=="
    },
    "@rollup/rollup-linux-loongarch64-gnu@4.43.0": {
      "integrity": "sha512-HPGDIH0/ZzAZjvtlXj6g+KDQ9ZMHfSP553za7o2Odegb/BEfwJcR0Sw0RLNpQ9nC6Gy8s+3mSS9xjZ0n3rhcYg=="
    },
    "@rollup/rollup-linux-powerpc64le-gnu@4.43.0": {
      "integrity": "sha512-gEmwbOws4U4GLAJDhhtSPWPXUzDfMRedT3hFMyRAvM9Mrnj+dJIFIeL7otsv2WF3D7GrV0GIewW0y28dOYWkmw=="
    },
    "@rollup/rollup-linux-riscv64-gnu@4.43.0": {
      "integrity": "sha512-XXKvo2e+wFtXZF/9xoWohHg+MuRnvO29TI5Hqe9xwN5uN8NKUYy7tXUG3EZAlfchufNCTHNGjEx7uN78KsBo0g=="
    },
    "@rollup/rollup-linux-riscv64-musl@4.43.0": {
      "integrity": "sha512-ruf3hPWhjw6uDFsOAzmbNIvlXFXlBQ4nk57Sec8E8rUxs/AI4HD6xmiiasOOx/3QxS2f5eQMKTAwk7KHwpzr/Q=="
    },
    "@rollup/rollup-linux-s390x-gnu@4.43.0": {
      "integrity": "sha512-QmNIAqDiEMEvFV15rsSnjoSmO0+eJLoKRD9EAa9rrYNwO/XRCtOGM3A5A0X+wmG+XRrw9Fxdsw+LnyYiZWWcVw=="
    },
    "@rollup/rollup-linux-x64-gnu@4.43.0": {
      "integrity": "sha512-jAHr/S0iiBtFyzjhOkAics/2SrXE092qyqEg96e90L3t9Op8OTzS6+IX0Fy5wCt2+KqeHAkti+eitV0wvblEoQ=="
    },
    "@rollup/rollup-linux-x64-musl@4.43.0": {
      "integrity": "sha512-3yATWgdeXyuHtBhrLt98w+5fKurdqvs8B53LaoKD7P7H7FKOONLsBVMNl9ghPQZQuYcceV5CDyPfyfGpMWD9mQ=="
    },
    "@rollup/rollup-win32-arm64-msvc@4.43.0": {
      "integrity": "sha512-wVzXp2qDSCOpcBCT5WRWLmpJRIzv23valvcTwMHEobkjippNf+C3ys/+wf07poPkeNix0paTNemB2XrHr2TnGw=="
    },
    "@rollup/rollup-win32-ia32-msvc@4.43.0": {
      "integrity": "sha512-fYCTEyzf8d+7diCw8b+asvWDCLMjsCEA8alvtAutqJOJp/wL5hs1rWSqJ1vkjgW0L2NB4bsYJrpKkiIPRR9dvw=="
    },
    "@rollup/rollup-win32-x64-msvc@4.43.0": {
      "integrity": "sha512-SnGhLiE5rlK0ofq8kzuDkM0g7FN1s5VYY+YSMTibP7CqShxCQvqtNxTARS4xX4PFJfHjG0ZQYX9iGzI3FQh5Aw=="
    },
    "@types/estree@1.0.7": {
      "integrity": "sha512-w28IoSUCJpidD/TGviZwwMJckNESJZXFu7NBZ5YJ4mEUnNraUn9Pm8HSZm/jDF1pDWYKspWE7oVphigUPRakIQ=="
    },
    "@types/trusted-types@2.0.7": {
      "integrity": "sha512-ScaPdn1dQczgbl0QFTeTOmVHFULt394XJgOQNoyVhZ6r2vLnMLJfBPd53SB52T/3G36VI1/g2MZaX0cwDuXsfw=="
    },
    "balanced-match@1.0.2": {
      "integrity": "sha512-3oSeUO0TMV67hN1AmbXsK4yaqU7tjiHlbxRDZOpH0KW9+CeX4bRAaX0Anxt0tx2MrpRpWwQaPwIlISEJhYU5Pw=="
    },
    "base-64@1.0.0": {
      "integrity": "sha512-kwDPIFCGx0NZHog36dj+tHiwP4QMzsZ3AgMViUBKI0+V5n4U0ufTCUMhnQ04diaRI8EX/QcPfql7zlhZ7j4zgg=="
    },
    "brace-expansion@2.0.2": {
      "integrity": "sha512-Jt0vHyM+jmUBqojB7E1NIYadt0vI0Qxjxd2TErW94wDz+E2LAm5vKMXXwg6ZZBTHPuUlDgQHKXvjGBdfcF1ZDQ==",
      "dependencies": [
        "balanced-match"
      ]
    },
    "byte-length@1.0.2": {
      "integrity": "sha512-ovBpjmsgd/teRmgcPh23d4gJvxDoXtAzEL9xTfMU8Yc2kqCDb7L9jAG0XHl1nzuGl+h3ebCIF1i62UFyA9V/2Q=="
    },
    "charenc@0.0.2": {
      "integrity": "sha512-yrLQ/yVUFXkzg7EDQsPieE/53+0RlaWTs+wBrvW36cyilJ2SaDWfl4Yj7MtLTXleV9uEKefbAGUPv2/iWSooRA=="
    },
    "crypt@0.0.2": {
      "integrity": "sha512-mCxBlsHFYh9C+HVpiEacem8FEBnMXgU9gy4zmNC+SXAZNB/1idgp/aulFJ4FgCi7GPEVbfyng092GqL2k2rmow=="
    },
    "data-uri-to-buffer@4.0.1": {
      "integrity": "sha512-0R9ikRb668HB7QDxT1vkpuUBtqc53YyAwMwGeUFKRojY/NWKvdZ+9UYtRfGmhqNbRkTSVpMbmyhXipFFv2cb/A=="
    },
    "entities@6.0.1": {
      "integrity": "sha512-aN97NXWF6AWBTahfVOIrB/NShkzi5H7F9r1s9mD3cDj4Ko5f2qhhVoYMibXF7GlLveb/D2ioWay8lxI97Ven3g=="
    },
    "esbuild@0.25.5": {
      "integrity": "sha512-P8OtKZRv/5J5hhz0cUAdu/cLuPIKXpQl1R9pZtvmHWQvrAUVd0UNIPT4IB4W3rNOqVO0rlqHmCIbSwxh/c9yUQ==",
      "dependencies": [
        "@esbuild/aix-ppc64",
        "@esbuild/android-arm",
        "@esbuild/android-arm64",
        "@esbuild/android-x64",
        "@esbuild/darwin-arm64",
        "@esbuild/darwin-x64",
        "@esbuild/freebsd-arm64",
        "@esbuild/freebsd-x64",
        "@esbuild/linux-arm",
        "@esbuild/linux-arm64",
        "@esbuild/linux-ia32",
        "@esbuild/linux-loong64",
        "@esbuild/linux-mips64el",
        "@esbuild/linux-ppc64",
        "@esbuild/linux-riscv64",
        "@esbuild/linux-s390x",
        "@esbuild/linux-x64",
        "@esbuild/netbsd-arm64",
        "@esbuild/netbsd-x64",
        "@esbuild/openbsd-arm64",
        "@esbuild/openbsd-x64",
        "@esbuild/sunos-x64",
        "@esbuild/win32-arm64",
        "@esbuild/win32-ia32",
        "@esbuild/win32-x64"
      ]
    },
    "fast-xml-parser@4.5.3": {
      "integrity": "sha512-RKihhV+SHsIUGXObeVy9AXiBbFwkVk7Syp8XgwN5U3JV416+Gwp/GO9i0JYKmikykgz/UHRrrV4ROuZEo/T0ig==",
      "dependencies": [
        "strnum"
      ]
    },
    "fdir@6.4.6_picomatch@4.0.2": {
      "integrity": "sha512-hiFoqpyZcfNm1yc4u8oWCf9A2c4D3QjCrks3zmoVKVxpQRzmPNar1hUJcBG2RQHvEVGDN+Jm81ZheVLAQMK6+w==",
      "dependencies": [
        "picomatch"
      ]
    },
    "fetch-blob@3.2.0": {
      "integrity": "sha512-7yAQpD2UMJzLi1Dqv7qFYnPbaPx7ZfFK6PiIxQ4PfkGPyNyl2Ugx+a/umUonmKqjhM4DnfbMvdX6otXq83soQQ==",
      "dependencies": [
        "node-domexception",
        "web-streams-polyfill"
      ]
    },
    "formdata-polyfill@4.0.10": {
      "integrity": "sha512-buewHzMvYL29jdeQTVILecSaZKnt/RJWjoZCF5OW60Z67/GmSLBkOFM7qh1PI3zFNtJbaZL5eQu1vLfazOwj4g==",
      "dependencies": [
        "fetch-blob"
      ]
    },
    "fsevents@2.3.3": {
      "integrity": "sha512-5xoDfX+fL7faATnagmWPpbFtwh/R77WmMMqqHGS65C3vvB0YHrgF+B1YmZ3441tMj5n63k0212XNoJwzlhffQw=="
    },
    "hot-patcher@2.0.1": {
      "integrity": "sha512-ECg1JFG0YzehicQaogenlcs2qg6WsXQsxtnbr1i696u5tLUjtJdQAh0u2g0Q5YV45f263Ta1GnUJsc8WIfJf4Q=="
    },
    "is-buffer@1.1.6": {
      "integrity": "sha512-NcdALwpXkTm5Zvvbk7owOUSvVvBKDgKP5/ewfXEznmQFfs4ZRmanOeKBTjRVjka3QFoN6XJ+9F3USqfHqTaU5w=="
    },
    "layerr@3.0.0": {
      "integrity": "sha512-tv754Ki2dXpPVApOrjTyRo4/QegVb9eVFq4mjqp4+NM5NaX7syQvN5BBNfV/ZpAHCEHV24XdUVrBAoka4jt3pA=="
    },
    "lit-element@4.2.0": {
      "integrity": "sha512-MGrXJVAI5x+Bfth/pU9Kst1iWID6GHDLEzFEnyULB/sFiRLgkd8NPK/PeeXxktA3T6EIIaq8U3KcbTU5XFcP2Q==",
      "dependencies": [
        "@lit-labs/ssr-dom-shim",
        "@lit/reactive-element",
        "lit-html"
      ]
    },
    "lit-html@3.3.0": {
      "integrity": "sha512-RHoswrFAxY2d8Cf2mm4OZ1DgzCoBKUKSPvA1fhtSELxUERq2aQQ2h05pO9j81gS1o7RIRJ+CePLogfyahwmynw==",
      "dependencies": [
        "@types/trusted-types"
      ]
    },
    "lit@3.3.0": {
      "integrity": "sha512-DGVsqsOIHBww2DqnuZzW7QsuCdahp50ojuDaBPC7jUDRpYoH0z7kHBBYZewRzer75FwtrkmkKk7iOAwSaWdBmw==",
      "dependencies": [
        "@lit/reactive-element",
        "lit-element",
        "lit-html"
      ]
    },
    "md5@2.3.0": {
      "integrity": "sha512-T1GITYmFaKuO91vxyoQMFETst+O71VUPEU3ze5GNzDm0OWdP8v1ziTaAEPUr/3kLsY3Sftgz242A1SetQiDL7g==",
      "dependencies": [
        "charenc",
        "crypt",
        "is-buffer"
      ]
    },
    "minimatch@9.0.5": {
      "integrity": "sha512-G6T0ZX48xgozx7587koeX9Ys2NYy6Gmv//P89sEte9V9whIapMNF4idKxnW2QtCcLiTWlb/wfCabAtAFWhhBow==",
      "dependencies": [
        "brace-expansion"
      ]
    },
    "nanoid@3.3.11": {
      "integrity": "sha512-N8SpfPUnUp1bK+PMYW8qSWdl9U+wwNWI4QKxOYDy9JAro3WMX7p2OeVRF9v+347pnakNevPmiHhNmZ2HbFA76w=="
    },
    "nested-property@4.0.0": {
      "integrity": "sha512-yFehXNWRs4cM0+dz7QxCd06hTbWbSkV0ISsqBfkntU6TOY4Qm3Q88fRRLOddkGh2Qq6dZvnKVAahfhjcUvLnyA=="
    },
    "node-domexception@1.0.0": {
      "integrity": "sha512-/jKZoMpw0F8GRwl4/eLROPA3cfcXtLApP0QzLmUT/HuPCZWyB7IY9ZrMeKw2O/nFIqPQB3PVM9aYm0F312AXDQ=="
    },
    "node-fetch@3.3.2": {
      "integrity": "sha512-dRB78srN/l6gqWulah9SrxeYnxeddIG30+GOqK/9OlLVyLg3HPnr6SqOWTWOXKRwC2eGYCkZ59NNuSgvSrpgOA==",
      "dependencies": [
        "data-uri-to-buffer",
        "fetch-blob",
        "formdata-polyfill"
      ]
    },
    "path-posix@1.0.0": {
      "integrity": "sha512-1gJ0WpNIiYcQydgg3Ed8KzvIqTsDpNwq+cjBCssvBtuTWjEqY1AW+i+OepiEMqDCzyro9B2sLAe4RBPajMYFiA=="
    },
    "picocolors@1.1.1": {
      "integrity": "sha512-xceH2snhtb5M9liqDsmEw56le376mTZkEX/jEb/RxNFyegNul7eNslCXP9FDj/Lcu0X8KEyMceP2ntpaHrDEVA=="
    },
    "picomatch@4.0.2": {
      "integrity": "sha512-M7BAV6Rlcy5u+m6oPhAPFgJTzAioX/6B0DxyvDlo9l8+T3nLKbrczg2WLUyzd45L8RqfUMyGPzekbMvX2Ldkwg=="
    },
    "postcss@8.5.5": {
      "integrity": "sha512-d/jtm+rdNT8tpXuHY5MMtcbJFBkhXE6593XVR9UoGCH8jSFGci7jGvMGH5RYd5PBJW+00NZQt6gf7CbagJCrhg==",
      "dependencies": [
        "nanoid",
        "picocolors",
        "source-map-js"
      ]
    },
    "querystringify@2.2.0": {
      "integrity": "sha512-FIqgj2EUvTa7R50u0rGsyTftzjYmv/a3hO345bZNrqabNqjtgiDMgmo4mkUjd+nzU5oF3dClKqFIPUKybUyqoQ=="
    },
    "requires-port@1.0.0": {
      "integrity": "sha512-KigOCHcocU3XODJxsu8i/j8T9tzT4adHiecwORRQ0ZZFcp7ahwXuRU1m+yuO90C5ZUyGeGfocHDI14M3L3yDAQ=="
    },
    "rollup@4.43.0": {
      "integrity": "sha512-wdN2Kd3Twh8MAEOEJZsuxuLKCsBEo4PVNLK6tQWAn10VhsVewQLzcucMgLolRlhFybGxfclbPeEYBaP6RvUFGg==",
      "dependencies": [
        "@rollup/rollup-android-arm-eabi",
        "@rollup/rollup-android-arm64",
        "@rollup/rollup-darwin-arm64",
        "@rollup/rollup-darwin-x64",
        "@rollup/rollup-freebsd-arm64",
        "@rollup/rollup-freebsd-x64",
        "@rollup/rollup-linux-arm-gnueabihf",
        "@rollup/rollup-linux-arm-musleabihf",
        "@rollup/rollup-linux-arm64-gnu",
        "@rollup/rollup-linux-arm64-musl",
        "@rollup/rollup-linux-loongarch64-gnu",
        "@rollup/rollup-linux-powerpc64le-gnu",
        "@rollup/rollup-linux-riscv64-gnu",
        "@rollup/rollup-linux-riscv64-musl",
        "@rollup/rollup-linux-s390x-gnu",
        "@rollup/rollup-linux-x64-gnu",
        "@rollup/rollup-linux-x64-musl",
        "@rollup/rollup-win32-arm64-msvc",
        "@rollup/rollup-win32-ia32-msvc",
        "@rollup/rollup-win32-x64-msvc",
        "@types/estree",
        "fsevents"
      ]
    },
    "source-map-js@1.2.1": {
      "integrity": "sha512-UXWMKhLOwVKb728IUtQPXxfYU+usdybtUrK/8uGE8CQMvrhOpwvzDBwj0QhSL7MQc7vIsISBG8VQ8+IDQxpfQA=="
    },
    "strnum@1.1.2": {
      "integrity": "sha512-vrN+B7DBIoTTZjnPNewwhx6cBA/H+IS7rfW68n7XxC1y7uoiGQBxaKzqucGUgavX15dJgiGztLJ8vxuEzwqBdA=="
    },
    "tinyglobby@0.2.14_picomatch@4.0.2": {
      "integrity": "sha512-tX5e7OM1HnYr2+a2C/4V0htOcSQcoSTH9KgJnVvNm5zm/cyEWKJ7j7YutsH9CxMdtOkkLFy2AHrMci9IM8IPZQ==",
      "dependencies": [
        "fdir",
        "picomatch"
      ]
    },
    "url-join@5.0.0": {
      "integrity": "sha512-n2huDr9h9yzd6exQVnH/jU5mr+Pfx08LRXXZhkLLetAMESRj+anQsTAh940iMrIetKAmry9coFuZQ2jY8/p3WA=="
    },
    "url-parse@1.5.10": {
      "integrity": "sha512-WypcfiRhfeUP9vvF0j6rw0J3hrWrw6iZv3+22h6iRMJ/8z1Tj6XfLP4DsUix5MhMPnXpiHDoKyoZ/bdCkwBCiQ==",
      "dependencies": [
        "querystringify",
        "requires-port"
      ]
    },
    "vite@6.3.5_picomatch@4.0.2": {
      "integrity": "sha512-cZn6NDFE7wdTpINgs++ZJ4N49W2vRp8LCKrn3Ob1kYNtOo21vfDoaV5GzBfLU4MovSAB8uNRm4jgzVQZ+mBzPQ==",
      "dependencies": [
        "esbuild",
        "fdir",
        "fsevents",
        "picomatch",
        "postcss",
        "rollup",
        "tinyglobby"
      ]
    },
    "web-streams-polyfill@3.3.3": {
      "integrity": "sha512-d2JWLCivmZYTSIoge9MsgFCZrt571BikcWGYkjC1khllbTeDlGqZ2D8vD8E/lJa8WGWbb7Plm8/XJYV7IJHZZw=="
    },
    "webdav@5.8.0": {
      "integrity": "sha512-iuFG7NamJ41Oshg4930iQgfIpRrUiatPWIekeznYgEf2EOraTRcDPTjy7gIOMtkdpKTaqPk1E68NO5PAGtJahA==",
      "dependencies": [
        "@buttercup/fetch",
        "base-64",
        "byte-length",
        "entities",
        "fast-xml-parser",
        "hot-patcher",
        "layerr",
        "md5",
        "minimatch",
        "nested-property",
        "node-fetch",
        "path-posix",
        "url-join",
        "url-parse"
      ]
    }
  },
  "workspace": {
    "dependencies": [
      "npm:@deno/vite-plugin@^1.0.4",
      "npm:lit@^3.2.1",
      "npm:vite@^6.1.1",
      "npm:webdav@^5.8.0"
    ]
  }
}
